
Microsoft Visual Studio Solution File, Format Version 12.00
# Visual Studio Version 17
VisualStudioVersion = 17.0.32112.339
MinimumVisualStudioVersion = 10.0.40219.1
Project("{FAE04EC0-301F-11D3-BF4B-00C04F79EFBC}") = "PracaDomowaTydz3_1", "PracaDomowaTydz3_1\PracaDomowaTydz3_1.csproj", "{31DC25BF-17C1-40C5-B0BE-8BF5507CEA5C}"
EndProject
Global
	GlobalSection(SolutionConfigurationPlatforms) = preSolution
		Debug|Any CPU = Debug|Any CPU
		Release|Any CPU = Release|Any CPU
	EndGlobalSection
	GlobalSection(ProjectConfigurationPlatforms) = postSolution
		{31DC25BF-17C1-40C5-B0BE-8BF5507CEA5C}.Debug|Any CPU.ActiveCfg = Debug|Any CPU
		{31DC25BF-17C1-40C5-B0BE-8BF5507CEA5C}.Debug|Any CPU.Build.0 = Debug|Any CPU
		{31DC25BF-17C1-40C5-B0BE-8BF5507CEA5C}.Release|Any CPU.ActiveCfg = Release|Any CPU
		{31DC25BF-17C1-40C5-B0BE-8BF5507CEA5C}.Release|Any CPU.Build.0 = Release|Any CPU
	EndGlobalSection
	GlobalSection(SolutionProperties) = preSolution
		HideSolutionNode = FALSE
	EndGlobalSection
	GlobalSection(ExtensibilityGlobals) = postSolution
		SolutionGuid = {254DC9E0-EE36-4080-83DF-2F36370D59B5}
	EndGlobalSection
EndGlobal
